// !$*UTF8*$!
{
	archiveVersion = 1;
	classes = {
	};
	objectVersion = 50;
	objects = {

/* Begin PBXBuildFile section */
		F3293DFA24204CE2008A0D7D /* AppDelegate.swift in Sources */ = {isa = PBXBuildFile; fileRef = F3293DF924204CE2008A0D7D /* AppDelegate.swift */; };
		F3293DFC24204CE2008A0D7D /* SceneDelegate.swift in Sources */ = {isa = PBXBuildFile; fileRef = F3293DFB24204CE2008A0D7D /* SceneDelegate.swift */; };
		F3293DFE24204CE2008A0D7D /* ViewController.swift in Sources */ = {isa = PBXBuildFile; fileRef = F3293DFD24204CE2008A0D7D /* ViewController.swift */; };
		F3293E0124204CE2008A0D7D /* Main.storyboard in Resources */ = {isa = PBXBuildFile; fileRef = F3293DFF24204CE2008A0D7D /* Main.storyboard */; };
		F3293E0324204CE3008A0D7D /* Assets.xcassets in Resources */ = {isa = PBXBuildFile; fileRef = F3293E0224204CE3008A0D7D /* Assets.xcassets */; };
		F3293E0624204CE3008A0D7D /* LaunchScreen.storyboard in Resources */ = {isa = PBXBuildFile; fileRef = F3293E0424204CE3008A0D7D /* LaunchScreen.storyboard */; };
/* End PBXBuildFile section */

/* Begin PBXFileReference section */
		F3293DF624204CE2008A0D7D /* 2020-03-20-MadLib-Jennifer-Nguyen.app */ = {isa = PBXFileReference; explicitFileType = wrapper.application; includeInIndex = 0; path = "2020-03-20-MadLib-Jennifer-Nguyen.app"; sourceTree = BUILT_PRODUCTS_DIR; };
		F3293DF924204CE2008A0D7D /* AppDelegate.swift */ = {isa = PBXFileReference; lastKnownFileType = sourcecode.swift; path = AppDelegate.swift; sourceTree = "<group>"; };
		F3293DFB24204CE2008A0D7D /* SceneDelegate.swift */ = {isa = PBXFileReference; lastKnownFileType = sourcecode.swift; path = SceneDelegate.swift; sourceTree = "<group>"; };
		F3293DFD24204CE2008A0D7D /* ViewController.swift */ = {isa = PBXFileReference; lastKnownFileType = sourcecode.swift; path = ViewController.swift; sourceTree = "<group>"; };
		F3293E0024204CE2008A0D7D /* Base */ = {isa = PBXFileReference; lastKnownFileType = file.storyboard; name = Base; path = Base.lproj/Main.storyboard; sourceTree = "<group>"; };
		F3293E0224204CE3008A0D7D /* Assets.xcassets */ = {isa = PBXFileReference; lastKnownFileType = folder.assetcatalog; path = Assets.xcassets; sourceTree = "<group>"; };
		F3293E0524204CE3008A0D7D /* Base */ = {isa = PBXFileReference; lastKnownFileType = file.storyboard; name = Base; path = Base.lproj/LaunchScreen.storyboard; sourceTree = "<group>"; };
		F3293E0724204CE3008A0D7D /* Info.plist */ = {isa = PBXFileReference; lastKnownFileType = text.plist.xml; path = Info.plist; sourceTree = "<group>"; };
/* End PBXFileReference section */

/* Begin PBXFrameworksBuildPhase section */
		F3293DF324204CE2008A0D7D /* Frameworks */ = {
			isa = PBXFrameworksBuildPhase;
			buildActionMask = 2147483647;
			files = (
			);
			runOnlyForDeploymentPostprocessing = 0;
		};
/* End PBXFrameworksBuildPhase section */

/* Begin PBXGroup section */
		F3293DED24204CE2008A0D7D = {
			isa = PBXGroup;
			children = (
				F3293DF824204CE2008A0D7D /* 2020-03-20-MadLib-Jennifer-Nguyen */,
				F3293DF724204CE2008A0D7D /* Products */,
			);
			sourceTree = "<group>";
		};
		F3293DF724204CE2008A0D7D /* Products */ = {
			isa = PBXGroup;
			children = (
				F3293DF624204CE2008A0D7D /* 2020-03-20-MadLib-Jennifer-Nguyen.app */,
			);
			name = Products;
			sourceTree = "<group>";
		};
		F3293DF824204CE2008A0D7D /* 2020-03-20-MadLib-Jennifer-Nguyen */ = {
			isa = PBXGroup;
			children = (
				F3293DF924204CE2008A0D7D /* AppDelegate.swift */,
				F3293DFB24204CE2008A0D7D /* SceneDelegate.swift */,
				F3293DFD24204CE2008A0D7D /* ViewController.swift */,
				F3293DFF24204CE2008A0D7D /* Main.storyboard */,
				F3293E0224204CE3008A0D7D /* Assets.xcassets */,
				F3293E0424204CE3008A0D7D /* LaunchScreen.storyboard */,
				F3293E0724204CE3008A0D7D /* Info.plist */,
			);
			path = "2020-03-20-MadLib-Jennifer-Nguyen";
			sourceTree = "<group>";
		};
/* End PBXGroup section */

/* Begin PBXNativeTarget section */
		F3293DF524204CE2008A0D7D /* 2020-03-20-MadLib-Jennifer-Nguyen */ = {
			isa = PBXNativeTarget;
			buildConfigurationList = F3293E0A24204CE3008A0D7D /* Build configuration list for PBXNativeTarget "2020-03-20-MadLib-Jennifer-Nguyen" */;
			buildPhases = (
				F3293DF224204CE2008A0D7D /* Sources */,
				F3293DF324204CE2008A0D7D /* Frameworks */,
				F3293DF424204CE2008A0D7D /* Resources */,
			);
			buildRules = (
			);
			dependencies = (
			);
			name = "2020-03-20-MadLib-Jennifer-Nguyen";
			productName = "2020-03-20-MadLib-Jennifer-Nguyen";
			productReference = F3293DF624204CE2008A0D7D /* 2020-03-20-MadLib-Jennifer-Nguyen.app */;
			productType = "com.apple.product-type.application";
		};
/* End PBXNativeTarget section */

/* Begin PBXProject section */
		F3293DEE24204CE2008A0D7D /* Project object */ = {
			isa = PBXProject;
			attributes = {
				LastSwiftUpdateCheck = 1130;
				LastUpgradeCheck = 1130;
				ORGANIZATIONNAME = "Jennifer Nguyen";
				TargetAttributes = {
					F3293DF524204CE2008A0D7D = {
						CreatedOnToolsVersion = 11.3.1;
					};
				};
			};
			buildConfigurationList = F3293DF124204CE2008A0D7D /* Build configuration list for PBXProject "2020-03-20-MadLib-Jennifer-Nguyen" */;
			compatibilityVersion = "Xcode 9.3";
			developmentRegion = en;
			hasScannedForEncodings = 0;
			knownRegions = (
				en,
				Base,
			);
			mainGroup = F3293DED24204CE2008A0D7D;
			productRefGroup = F3293DF724204CE2008A0D7D /* Products */;
			projectDirPath = "";
			projectRoot = "";
			targets = (
				F3293DF524204CE2008A0D7D /* 2020-03-20-MadLib-Jennifer-Nguyen */,
			);
		};
/* End PBXProject section */

/* Begin PBXResourcesBuildPhase section */
		F3293DF424204CE2008A0D7D /* Resources */ = {
			isa = PBXResourcesBuildPhase;
			buildActionMask = 2147483647;
			files = (
				F3293E0624204CE3008A0D7D /* LaunchScreen.storyboard in Resources */,
				F3293E0324204CE3008A0D7D /* Assets.xcassets in Resources */,
				F3293E0124204CE2008A0D7D /* Main.storyboard in Resources */,
			);
			runOnlyForDeploymentPostprocessing = 0;
		};
/* End PBXResourcesBuildPhase section */

/* Begin PBXSourcesBuildPhase section */
		F3293DF224204CE2008A0D7D /* Sources */ = {
			isa = PBXSourcesBuildPhase;
			buildActionMask = 2147483647;
			files = (
				F3293DFE24204CE2008A0D7D /* ViewController.swift in Sources */,
				F3293DFA24204CE2008A0D7D /* AppDelegate.swift in Sources */,
				F3293DFC24204CE2008A0D7D /* SceneDelegate.swift in Sources */,
			);
			runOnlyForDeploymentPostprocessing = 0;
		};
/* End PBXSourcesBuildPhase section */

/* Begin PBXVariantGroup section */
		F3293DFF24204CE2008A0D7D /* Main.storyboard */ = {
			isa = PBXVariantGroup;
			children = (
				F3293E0024204CE2008A0D7D /* Base */,
			);
			name = Main.storyboard;
			sourceTree = "<group>";
		};
		F3293E0424204CE3008A0D7D /* LaunchScreen.storyboard */ = {
			isa = PBXVariantGroup;
			children = (
				F3293E0524204CE3008A0D7D /* Base */,
			);
			name = LaunchScreen.storyboard;
			sourceTree = "<group>";
		};
/* End PBXVariantGroup section */

/* Begin XCBuildConfiguration section */
		F3293E0824204CE3008A0D7D /* Debug */ = {
			isa = XCBuildConfiguration;
			buildSettings = {
				ALWAYS_SEARCH_USER_PATHS = NO;
				CLANG_ANALYZER_NONNULL = YES;
				CLANG_ANALYZER_NUMBER_OBJECT_CONVERSION = YES_AGGRESSIVE;
				CLANG_CXX_LANGUAGE_STANDARD = "gnu++14";
				CLANG_CXX_LIBRARY = "libc++";
				CLANG_ENABLE_MODULES = YES;
				CLANG_ENABLE_OBJC_ARC = YES;
				CLANG_ENABLE_OBJC_WEAK = YES;
				CLANG_WARN_BLOCK_CAPTURE_AUTORELEASING = YES;
				CLANG_WARN_BOOL_CONVERSION = YES;
				CLANG_WARN_COMMA = YES;
				CLANG_WARN_CONSTANT_CONVERSION = YES;
				CLANG_WARN_DEPRECATED_OBJC_IMPLEMENTATIONS = YES;
				CLANG_WARN_DIRECT_OBJC_ISA_USAGE = YES_ERROR;
				CLANG_WARN_DOCUMENTATION_COMMENTS = YES;
				CLANG_WARN_EMPTY_BODY = YES;
				CLANG_WARN_ENUM_CONVERSION = YES;
				CLANG_WARN_INFINITE_RECURSION = YES;
				CLANG_WARN_INT_CONVERSION = YES;
				CLANG_WARN_NON_LITERAL_NULL_CONVERSION = YES;
				CLANG_WARN_OBJC_IMPLICIT_RETAIN_SELF = YES;
				CLANG_WARN_OBJC_LITERAL_CONVERSION = YES;
				CLANG_WARN_OBJC_ROOT_CLASS = YES_ERROR;
				CLANG_WARN_RANGE_LOOP_ANALYSIS = YES;
				CLANG_WARN_STRICT_PROTOTYPES = YES;
				CLANG_WARN_SUSPICIOUS_MOVE = YES;
				CLANG_WARN_UNGUARDED_AVAILABILITY = YES_AGGRESSIVE;
				CLANG_WARN_UNREACHABLE_CODE = YES;
				CLANG_WARN__DUPLICATE_METHOD_MATCH = YES;
				COPY_PHASE_STRIP = NO;
				DEBUG_INFORMATION_FORMAT = dwarf;
				ENABLE_STRICT_OBJC_MSGSEND = YES;
				ENABLE_TESTABILITY = YES;
				GCC_C_LANGUAGE_STANDARD = gnu11;
				GCC_DYNAMIC_NO_PIC = NO;
				GCC_NO_COMMON_BLOCKS = YES;
				GCC_OPTIMIZATION_LEVEL = 0;
				GCC_PREPROCESSOR_DEFINITIONS = (
					"DEBUG=1",
					"$(inherited)",
				);
				GCC_WARN_64_TO_32_BIT_CONVERSION = YES;
				GCC_WARN_ABOUT_RETURN_TYPE = YES_ERROR;
				GCC_WARN_UNDECLARED_SELECTOR = YES;
				GCC_WARN_UNINITIALIZED_AUTOS = YES_AGGRESSIVE;
				GCC_WARN_UNUSED_FUNCTION = YES;
				GCC_WARN_UNUSED_VARIABLE = YES;
				IPHONEOS_DEPLOYMENT_TARGET = 13.2;
				MTL_ENABLE_DEBUG_INFO = INCLUDE_SOURCE;
				MTL_FAST_MATH = YES;
				ONLY_ACTIVE_ARCH = YES;
				SDKROOT = iphoneos;
				SWIFT_ACTIVE_COMPILATION_CONDITIONS = DEBUG;
				SWIFT_OPTIMIZATION_LEVEL = "-Onone";
			};
			name = Debug;
		};
		F3293E0924204CE3008A0D7D /* Release */ = {
			isa = XCBuildConfiguration;
			buildSettings = {
				ALWAYS_SEARCH_USER_PATHS = NO;
				CLANG_ANALYZER_NONNULL = YES;
				CLANG_ANALYZER_NUMBER_OBJECT_CONVERSION = YES_AGGRESSIVE;
				CLANG_CXX_LANGUAGE_STANDARD = "gnu++14";
				CLANG_CXX_LIBRARY = "libc++";
				CLANG_ENABLE_MODULES = YES;
				CLANG_ENABLE_OBJC_ARC = YES;
				CLANG_ENABLE_OBJC_WEAK = YES;
				CLANG_WARN_BLOCK_CAPTURE_AUTORELEASING = YES;
				CLANG_WARN_BOOL_CONVERSION = YES;
				CLANG_WARN_COMMA = YES;
				CLANG_WARN_CONSTANT_CONVERSION = YES;
				CLANG_WARN_DEPRECATED_OBJC_IMPLEMENTATIONS = YES;
				CLANG_WARN_DIRECT_OBJC_ISA_USAGE = YES_ERROR;
				CLANG_WARN_DOCUMENTATION_COMMENTS = YES;
				CLANG_WARN_EMPTY_BODY = YES;
				CLANG_WARN_ENUM_CONVERSION = YES;
				CLANG_WARN_INFINITE_RECURSION = YES;
				CLANG_WARN_INT_CONVERSION = YES;
				CLANG_WARN_NON_LITERAL_NULL_CONVERSION = YES;
				CLANG_WARN_OBJC_IMPLICIT_RETAIN_SELF = YES;
				CLANG_WARN_OBJC_LITERAL_CONVERSION = YES;
				CLANG_WARN_OBJC_ROOT_CLASS = YES_ERROR;
				CLANG_WARN_RANGE_LOOP_ANALYSIS = YES;
				CLANG_WARN_STRICT_PROTOTYPES = YES;
				CLANG_WARN_SUSPICIOUS_MOVE = YES;
				CLANG_WARN_UNGUARDED_AVAILABILITY = YES_AGGRESSIVE;
				CLANG_WARN_UNREACHABLE_CODE = YES;
				CLANG_WARN__DUPLICATE_METHOD_MATCH = YES;
				COPY_PHASE_STRIP = NO;
				DEBUG_INFORMATION_FORMAT = "dwarf-with-dsym";
				ENABLE_NS_ASSERTIONS = NO;
				ENABLE_STRICT_OBJC_MSGSEND = YES;
				GCC_C_LANGUAGE_STANDARD = gnu11;
				GCC_NO_COMMON_BLOCKS = YES;
				GCC_WARN_64_TO_32_BIT_CONVERSION = YES;
				GCC_WARN_ABOUT_RETURN_TYPE = YES_ERROR;
				GCC_WARN_UNDECLARED_SELECTOR = YES;
				GCC_WARN_UNINITIALIZED_AUTOS = YES_AGGRESSIVE;
				GCC_WARN_UNUSED_FUNCTION = YES;
				GCC_WARN_UNUSED_VARIABLE = YES;
				IPHONEOS_DEPLOYMENT_TARGET = 13.2;
				MTL_ENABLE_DEBUG_INFO = NO;
				MTL_FAST_MATH = YES;
				SDKROOT = iphoneos;
				SWIFT_COMPILATION_MODE = wholemodule;
				SWIFT_OPTIMIZATION_LEVEL = "-O";
				VALIDATE_PRODUCT = YES;
			};
			name = Release;
		};
		F3293E0B24204CE3008A0D7D /* Debug */ = {
			isa = XCBuildConfiguration;
			buildSettings = {
				ASSETCATALOG_COMPILER_APPICON_NAME = AppIcon;
				CODE_SIGN_STYLE = Automatic;
				INFOPLIST_FILE = "2020-03-20-MadLib-Jennifer-Nguyen/Info.plist";
				LD_RUNPATH_SEARCH_PATHS = (
					"$(inherited)",
					"@executable_path/Frameworks",
				);
				PRODUCT_BUNDLE_IDENTIFIER = "com.nguyen.-020-03-20-MadLib-Jennifer-Nguyen";
				PRODUCT_NAME = "$(TARGET_NAME)";
				SWIFT_VERSION = 5.0;
				TARGETED_DEVICE_FAMILY = "1,2";
			};
			name = Debug;
		};
		F3293E0C24204CE3008A0D7D /* Release */ = {
			isa = XCBuildConfiguration;
			buildSettings = {
				ASSETCATALOG_COMPILER_APPICON_NAME = AppIcon;
				CODE_SIGN_STYLE = Automatic;
				INFOPLIST_FILE = "2020-03-20-MadLib-Jennifer-Nguyen/Info.plist";
				LD_RUNPATH_SEARCH_PATHS = (
					"$(inherited)",
					"@executable_path/Frameworks",
				);
				PRODUCT_BUNDLE_IDENTIFIER = "com.nguyen.-020-03-20-MadLib-Jennifer-Nguyen";
				PRODUCT_NAME = "$(TARGET_NAME)";
				SWIFT_VERSION = 5.0;
				TARGETED_DEVICE_FAMILY = "1,2";
			};
			name = Release;
		};
/* End XCBuildConfiguration section */

/* Begin XCConfigurationList section */
		F3293DF124204CE2008A0D7D /* Build configuration list for PBXProject "2020-03-20-MadLib-Jennifer-Nguyen" */ = {
			isa = XCConfigurationList;
			buildConfigurations = (
				F3293E0824204CE3008A0D7D /* Debug */,
				F3293E0924204CE3008A0D7D /* Release */,
			);
			defaultConfigurationIsVisible = 0;
			defaultConfigurationName = Release;
		};
		F3293E0A24204CE3008A0D7D /* Build configuration list for PBXNativeTarget "2020-03-20-MadLib-Jennifer-Nguyen" */ = {
			isa = XCConfigurationList;
			buildConfigurations = (
				F3293E0B24204CE3008A0D7D /* Debug */,
				F3293E0C24204CE3008A0D7D /* Release */,
			);
			defaultConfigurationIsVisible = 0;
			defaultConfigurationName = Release;
		};
/* End XCConfigurationList section */
	};
	rootObject = F3293DEE24204CE2008A0D7D /* Project object */;
}
